// !$*UTF8*$!
{
	archiveVersion = 1;
	classes = {
	};
	objectVersion = 56;
	objects = {

/* Begin PBXBuildFile section */
		8222D46C2A8BA31C00319F21 /* DataConverter.swift in Sources */ = {isa = PBXBuildFile; fileRef = 8222D46A2A8BA31C00319F21 /* DataConverter.swift */; };
		8222D46D2A8BA31C00319F21 /* MyDateFormatter.swift in Sources */ = {isa = PBXBuildFile; fileRef = 8222D46B2A8BA31C00319F21 /* MyDateFormatter.swift */; };
		8222D46F2A8BB3A900319F21 /* CategoryMainView.swift in Sources */ = {isa = PBXBuildFile; fileRef = 8222D46E2A8BB3A900319F21 /* CategoryMainView.swift */; };
		8222D4712A8BB5D500319F21 /* ProductInListAllView.swift in Sources */ = {isa = PBXBuildFile; fileRef = 8222D4702A8BB5D500319F21 /* ProductInListAllView.swift */; };
		8242CBC02A8CA1D6007B2731 /* TwoHeadSliderView.swift in Sources */ = {isa = PBXBuildFile; fileRef = 8242CBBF2A8CA1D6007B2731 /* TwoHeadSliderView.swift */; };
		8242CBCD2A8CD087007B2731 /* AllCategoriesView.swift in Sources */ = {isa = PBXBuildFile; fileRef = 8242CBCC2A8CD087007B2731 /* AllCategoriesView.swift */; };
		8242CBCF2A8CD316007B2731 /* ByCategoryInListAllView.swift in Sources */ = {isa = PBXBuildFile; fileRef = 8242CBCE2A8CD316007B2731 /* ByCategoryInListAllView.swift */; };
		8242CBD22A8DBFC3007B2731 /* UserAPICaller.swift in Sources */ = {isa = PBXBuildFile; fileRef = 8242CBD12A8DBFC3007B2731 /* UserAPICaller.swift */; };
		8242CBD42A8DC0AC007B2731 /* LoginAndPort.swift in Sources */ = {isa = PBXBuildFile; fileRef = 8242CBD32A8DC0AC007B2731 /* LoginAndPort.swift */; };
		8242CBD62A8DC542007B2731 /* APICaller.swift in Sources */ = {isa = PBXBuildFile; fileRef = 8242CBD52A8DC542007B2731 /* APICaller.swift */; };
		8242CBD92A8DC72E007B2731 /* UserEntity.swift in Sources */ = {isa = PBXBuildFile; fileRef = 8242CBD82A8DC72E007B2731 /* UserEntity.swift */; };
		8242CBDC2A8DE6CD007B2731 /* ProductAPICaller.swift in Sources */ = {isa = PBXBuildFile; fileRef = 8242CBDB2A8DE6CD007B2731 /* ProductAPICaller.swift */; };
		8242CBDE2A8DE725007B2731 /* ProductEntity.swift in Sources */ = {isa = PBXBuildFile; fileRef = 8242CBDD2A8DE725007B2731 /* ProductEntity.swift */; };
		827851052A8B47F600696846 /* RegisterView.swift in Sources */ = {isa = PBXBuildFile; fileRef = 827851042A8B47F600696846 /* RegisterView.swift */; };
		8289C9A52A8B507200355827 /* ConfirmationView.swift in Sources */ = {isa = PBXBuildFile; fileRef = 8289C9A42A8B507200355827 /* ConfirmationView.swift */; };
		8289C9A72A8B6D3600355827 /* ProductMainView.swift in Sources */ = {isa = PBXBuildFile; fileRef = 8289C9A62A8B6D3600355827 /* ProductMainView.swift */; };
		8289C9A92A8B741500355827 /* CommentView.swift in Sources */ = {isa = PBXBuildFile; fileRef = 8289C9A82A8B741500355827 /* CommentView.swift */; };
		8289C9AB2A8B742E00355827 /* Comment.swift in Sources */ = {isa = PBXBuildFile; fileRef = 8289C9AA2A8B742E00355827 /* Comment.swift */; };
		82F8F54C2A8A0F1600F405B5 /* gigamall_appApp.swift in Sources */ = {isa = PBXBuildFile; fileRef = 82F8F54B2A8A0F1600F405B5 /* gigamall_appApp.swift */; };
		82F8F54E2A8A0F1600F405B5 /* MainView.swift in Sources */ = {isa = PBXBuildFile; fileRef = 82F8F54D2A8A0F1600F405B5 /* MainView.swift */; };
		82F8F5502A8A0F1800F405B5 /* Assets.xcassets in Resources */ = {isa = PBXBuildFile; fileRef = 82F8F54F2A8A0F1800F405B5 /* Assets.xcassets */; };
		82F8F5532A8A0F1800F405B5 /* Preview Assets.xcassets in Resources */ = {isa = PBXBuildFile; fileRef = 82F8F5522A8A0F1800F405B5 /* Preview Assets.xcassets */; };
		82F8F55D2A8A0F1900F405B5 /* gigamall_appTests.swift in Sources */ = {isa = PBXBuildFile; fileRef = 82F8F55C2A8A0F1900F405B5 /* gigamall_appTests.swift */; };
		82F8F5672A8A0F1900F405B5 /* gigamall_appUITests.swift in Sources */ = {isa = PBXBuildFile; fileRef = 82F8F5662A8A0F1900F405B5 /* gigamall_appUITests.swift */; };
		82F8F5692A8A0F1900F405B5 /* gigamall_appUITestsLaunchTests.swift in Sources */ = {isa = PBXBuildFile; fileRef = 82F8F5682A8A0F1900F405B5 /* gigamall_appUITestsLaunchTests.swift */; };
		82F8F5772A8A190E00F405B5 /* Product.swift in Sources */ = {isa = PBXBuildFile; fileRef = 82F8F5762A8A190E00F405B5 /* Product.swift */; };
		82F8F57E2A8A1C0000F405B5 /* HottestProductView.swift in Sources */ = {isa = PBXBuildFile; fileRef = 82F8F57D2A8A1C0000F405B5 /* HottestProductView.swift */; };
		82F8F5802A8A20AA00F405B5 /* ClothesView.swift in Sources */ = {isa = PBXBuildFile; fileRef = 82F8F57F2A8A20AA00F405B5 /* ClothesView.swift */; };
		82F8F5822A8A67AB00F405B5 /* ByCategoryInMainView.swift in Sources */ = {isa = PBXBuildFile; fileRef = 82F8F5812A8A67AB00F405B5 /* ByCategoryInMainView.swift */; };
		82F8F5842A8A67C000F405B5 /* ByCategory.swift in Sources */ = {isa = PBXBuildFile; fileRef = 82F8F5832A8A67C000F405B5 /* ByCategory.swift */; };
		82F8F5862A8A71DC00F405B5 /* RecommendedProductView.swift in Sources */ = {isa = PBXBuildFile; fileRef = 82F8F5852A8A71DC00F405B5 /* RecommendedProductView.swift */; };
		82F8F5892A8A780D00F405B5 /* LoginView.swift in Sources */ = {isa = PBXBuildFile; fileRef = 82F8F5882A8A780D00F405B5 /* LoginView.swift */; };
/* End PBXBuildFile section */

/* Begin PBXContainerItemProxy section */
		82F8F5592A8A0F1900F405B5 /* PBXContainerItemProxy */ = {
			isa = PBXContainerItemProxy;
			containerPortal = 82F8F5402A8A0F1600F405B5 /* Project object */;
			proxyType = 1;
			remoteGlobalIDString = 82F8F5472A8A0F1600F405B5;
			remoteInfo = "gigamall-app";
		};
		82F8F5632A8A0F1900F405B5 /* PBXContainerItemProxy */ = {
			isa = PBXContainerItemProxy;
			containerPortal = 82F8F5402A8A0F1600F405B5 /* Project object */;
			proxyType = 1;
			remoteGlobalIDString = 82F8F5472A8A0F1600F405B5;
			remoteInfo = "gigamall-app";
		};
/* End PBXContainerItemProxy section */

/* Begin PBXFileReference section */
		8222D46A2A8BA31C00319F21 /* DataConverter.swift */ = {isa = PBXFileReference; fileEncoding = 4; lastKnownFileType = sourcecode.swift; path = DataConverter.swift; sourceTree = "<group>"; };
		8222D46B2A8BA31C00319F21 /* MyDateFormatter.swift */ = {isa = PBXFileReference; fileEncoding = 4; lastKnownFileType = sourcecode.swift; path = MyDateFormatter.swift; sourceTree = "<group>"; };
		8222D46E2A8BB3A900319F21 /* CategoryMainView.swift */ = {isa = PBXFileReference; lastKnownFileType = sourcecode.swift; path = CategoryMainView.swift; sourceTree = "<group>"; };
		8222D4702A8BB5D500319F21 /* ProductInListAllView.swift */ = {isa = PBXFileReference; lastKnownFileType = sourcecode.swift; path = ProductInListAllView.swift; sourceTree = "<group>"; };
		8242CBBF2A8CA1D6007B2731 /* TwoHeadSliderView.swift */ = {isa = PBXFileReference; lastKnownFileType = sourcecode.swift; path = TwoHeadSliderView.swift; sourceTree = "<group>"; };
		8242CBCC2A8CD087007B2731 /* AllCategoriesView.swift */ = {isa = PBXFileReference; lastKnownFileType = sourcecode.swift; path = AllCategoriesView.swift; sourceTree = "<group>"; };
		8242CBCE2A8CD316007B2731 /* ByCategoryInListAllView.swift */ = {isa = PBXFileReference; lastKnownFileType = sourcecode.swift; path = ByCategoryInListAllView.swift; sourceTree = "<group>"; };
		8242CBD12A8DBFC3007B2731 /* UserAPICaller.swift */ = {isa = PBXFileReference; lastKnownFileType = sourcecode.swift; path = UserAPICaller.swift; sourceTree = "<group>"; wrapsLines = 0; };
		8242CBD32A8DC0AC007B2731 /* LoginAndPort.swift */ = {isa = PBXFileReference; lastKnownFileType = sourcecode.swift; path = LoginAndPort.swift; sourceTree = "<group>"; };
		8242CBD52A8DC542007B2731 /* APICaller.swift */ = {isa = PBXFileReference; lastKnownFileType = sourcecode.swift; path = APICaller.swift; sourceTree = "<group>"; };
		8242CBD82A8DC72E007B2731 /* UserEntity.swift */ = {isa = PBXFileReference; lastKnownFileType = sourcecode.swift; path = UserEntity.swift; sourceTree = "<group>"; };
		8242CBDB2A8DE6CD007B2731 /* ProductAPICaller.swift */ = {isa = PBXFileReference; lastKnownFileType = sourcecode.swift; path = ProductAPICaller.swift; sourceTree = "<group>"; };
		8242CBDD2A8DE725007B2731 /* ProductEntity.swift */ = {isa = PBXFileReference; lastKnownFileType = sourcecode.swift; path = ProductEntity.swift; sourceTree = "<group>"; };
		827851042A8B47F600696846 /* RegisterView.swift */ = {isa = PBXFileReference; lastKnownFileType = sourcecode.swift; path = RegisterView.swift; sourceTree = "<group>"; };
		8289C9A42A8B507200355827 /* ConfirmationView.swift */ = {isa = PBXFileReference; lastKnownFileType = sourcecode.swift; path = ConfirmationView.swift; sourceTree = "<group>"; };
		8289C9A62A8B6D3600355827 /* ProductMainView.swift */ = {isa = PBXFileReference; lastKnownFileType = sourcecode.swift; path = ProductMainView.swift; sourceTree = "<group>"; };
		8289C9A82A8B741500355827 /* CommentView.swift */ = {isa = PBXFileReference; lastKnownFileType = sourcecode.swift; path = CommentView.swift; sourceTree = "<group>"; };
		8289C9AA2A8B742E00355827 /* Comment.swift */ = {isa = PBXFileReference; lastKnownFileType = sourcecode.swift; path = Comment.swift; sourceTree = "<group>"; };
		82F8F5482A8A0F1600F405B5 /* gigamall-app.app */ = {isa = PBXFileReference; explicitFileType = wrapper.application; includeInIndex = 0; path = "gigamall-app.app"; sourceTree = BUILT_PRODUCTS_DIR; };
		82F8F54B2A8A0F1600F405B5 /* gigamall_appApp.swift */ = {isa = PBXFileReference; lastKnownFileType = sourcecode.swift; path = gigamall_appApp.swift; sourceTree = "<group>"; };
		82F8F54D2A8A0F1600F405B5 /* MainView.swift */ = {isa = PBXFileReference; lastKnownFileType = sourcecode.swift; path = MainView.swift; sourceTree = "<group>"; };
		82F8F54F2A8A0F1800F405B5 /* Assets.xcassets */ = {isa = PBXFileReference; lastKnownFileType = folder.assetcatalog; path = Assets.xcassets; sourceTree = "<group>"; };
		82F8F5522A8A0F1800F405B5 /* Preview Assets.xcassets */ = {isa = PBXFileReference; lastKnownFileType = folder.assetcatalog; path = "Preview Assets.xcassets"; sourceTree = "<group>"; };
		82F8F5582A8A0F1900F405B5 /* gigamall-appTests.xctest */ = {isa = PBXFileReference; explicitFileType = wrapper.cfbundle; includeInIndex = 0; path = "gigamall-appTests.xctest"; sourceTree = BUILT_PRODUCTS_DIR; };
		82F8F55C2A8A0F1900F405B5 /* gigamall_appTests.swift */ = {isa = PBXFileReference; lastKnownFileType = sourcecode.swift; path = gigamall_appTests.swift; sourceTree = "<group>"; };
		82F8F5622A8A0F1900F405B5 /* gigamall-appUITests.xctest */ = {isa = PBXFileReference; explicitFileType = wrapper.cfbundle; includeInIndex = 0; path = "gigamall-appUITests.xctest"; sourceTree = BUILT_PRODUCTS_DIR; };
		82F8F5662A8A0F1900F405B5 /* gigamall_appUITests.swift */ = {isa = PBXFileReference; lastKnownFileType = sourcecode.swift; path = gigamall_appUITests.swift; sourceTree = "<group>"; };
		82F8F5682A8A0F1900F405B5 /* gigamall_appUITestsLaunchTests.swift */ = {isa = PBXFileReference; lastKnownFileType = sourcecode.swift; path = gigamall_appUITestsLaunchTests.swift; sourceTree = "<group>"; };
		82F8F5762A8A190E00F405B5 /* Product.swift */ = {isa = PBXFileReference; lastKnownFileType = sourcecode.swift; path = Product.swift; sourceTree = "<group>"; };
		82F8F57D2A8A1C0000F405B5 /* HottestProductView.swift */ = {isa = PBXFileReference; lastKnownFileType = sourcecode.swift; path = HottestProductView.swift; sourceTree = "<group>"; };
		82F8F57F2A8A20AA00F405B5 /* ClothesView.swift */ = {isa = PBXFileReference; lastKnownFileType = sourcecode.swift; path = ClothesView.swift; sourceTree = "<group>"; };
		82F8F5812A8A67AB00F405B5 /* ByCategoryInMainView.swift */ = {isa = PBXFileReference; lastKnownFileType = sourcecode.swift; path = ByCategoryInMainView.swift; sourceTree = "<group>"; };
		82F8F5832A8A67C000F405B5 /* ByCategory.swift */ = {isa = PBXFileReference; lastKnownFileType = sourcecode.swift; path = ByCategory.swift; sourceTree = "<group>"; };
		82F8F5852A8A71DC00F405B5 /* RecommendedProductView.swift */ = {isa = PBXFileReference; lastKnownFileType = sourcecode.swift; path = RecommendedProductView.swift; sourceTree = "<group>"; };
		82F8F5882A8A780D00F405B5 /* LoginView.swift */ = {isa = PBXFileReference; lastKnownFileType = sourcecode.swift; path = LoginView.swift; sourceTree = "<group>"; };
/* End PBXFileReference section */

/* Begin PBXFrameworksBuildPhase section */
		82F8F5452A8A0F1600F405B5 /* Frameworks */ = {
			isa = PBXFrameworksBuildPhase;
			buildActionMask = 2147483647;
			files = (
			);
			runOnlyForDeploymentPostprocessing = 0;
		};
		82F8F5552A8A0F1900F405B5 /* Frameworks */ = {
			isa = PBXFrameworksBuildPhase;
			buildActionMask = 2147483647;
			files = (
			);
			runOnlyForDeploymentPostprocessing = 0;
		};
		82F8F55F2A8A0F1900F405B5 /* Frameworks */ = {
			isa = PBXFrameworksBuildPhase;
			buildActionMask = 2147483647;
			files = (
			);
			runOnlyForDeploymentPostprocessing = 0;
		};
/* End PBXFrameworksBuildPhase section */

/* Begin PBXGroup section */
		8222D4692A8BA31C00319F21 /* helpers */ = {
			isa = PBXGroup;
			children = (
				8222D46A2A8BA31C00319F21 /* DataConverter.swift */,
				8222D46B2A8BA31C00319F21 /* MyDateFormatter.swift */,
			);
			path = helpers;
			sourceTree = "<group>";
		};
		8242CBD02A8DBF9A007B2731 /* api */ = {
			isa = PBXGroup;
			children = (
				8242CBDA2A8DE6BB007B2731 /* product-api */,
				8242CBD72A8DC6A0007B2731 /* user-api */,
				8242CBD32A8DC0AC007B2731 /* LoginAndPort.swift */,
				8242CBD52A8DC542007B2731 /* APICaller.swift */,
			);
			path = api;
			sourceTree = "<group>";
		};
		8242CBD72A8DC6A0007B2731 /* user-api */ = {
			isa = PBXGroup;
			children = (
				8242CBD82A8DC72E007B2731 /* UserEntity.swift */,
				8242CBD12A8DBFC3007B2731 /* UserAPICaller.swift */,
			);
			path = "user-api";
			sourceTree = "<group>";
		};
		8242CBDA2A8DE6BB007B2731 /* product-api */ = {
			isa = PBXGroup;
			children = (
				8242CBDB2A8DE6CD007B2731 /* ProductAPICaller.swift */,
				8242CBDD2A8DE725007B2731 /* ProductEntity.swift */,
			);
			path = "product-api";
			sourceTree = "<group>";
		};
		82F8F53F2A8A0F1600F405B5 = {
			isa = PBXGroup;
			children = (
				82F8F54A2A8A0F1600F405B5 /* gigamall-app */,
				82F8F55B2A8A0F1900F405B5 /* gigamall-appTests */,
				82F8F5652A8A0F1900F405B5 /* gigamall-appUITests */,
				82F8F5492A8A0F1600F405B5 /* Products */,
			);
			sourceTree = "<group>";
		};
		82F8F5492A8A0F1600F405B5 /* Products */ = {
			isa = PBXGroup;
			children = (
				82F8F5482A8A0F1600F405B5 /* gigamall-app.app */,
				82F8F5582A8A0F1900F405B5 /* gigamall-appTests.xctest */,
				82F8F5622A8A0F1900F405B5 /* gigamall-appUITests.xctest */,
			);
			name = Products;
			sourceTree = "<group>";
		};
		82F8F54A2A8A0F1600F405B5 /* gigamall-app */ = {
			isa = PBXGroup;
			children = (
				8242CBD02A8DBF9A007B2731 /* api */,
				8222D4692A8BA31C00319F21 /* helpers */,
				82F8F5872A8A77FA00F405B5 /* main-screens */,
				82F8F5782A8A196900F405B5 /* defined-views */,
				82F8F5752A8A190000F405B5 /* user-defined-objects */,
				82F8F54B2A8A0F1600F405B5 /* gigamall_appApp.swift */,
				82F8F54F2A8A0F1800F405B5 /* Assets.xcassets */,
				82F8F5512A8A0F1800F405B5 /* Preview Content */,
			);
			path = "gigamall-app";
			sourceTree = "<group>";
		};
		82F8F5512A8A0F1800F405B5 /* Preview Content */ = {
			isa = PBXGroup;
			children = (
				82F8F5522A8A0F1800F405B5 /* Preview Assets.xcassets */,
			);
			path = "Preview Content";
			sourceTree = "<group>";
		};
		82F8F55B2A8A0F1900F405B5 /* gigamall-appTests */ = {
			isa = PBXGroup;
			children = (
				82F8F55C2A8A0F1900F405B5 /* gigamall_appTests.swift */,
			);
			path = "gigamall-appTests";
			sourceTree = "<group>";
		};
		82F8F5652A8A0F1900F405B5 /* gigamall-appUITests */ = {
			isa = PBXGroup;
			children = (
				82F8F5662A8A0F1900F405B5 /* gigamall_appUITests.swift */,
				82F8F5682A8A0F1900F405B5 /* gigamall_appUITestsLaunchTests.swift */,
			);
			path = "gigamall-appUITests";
			sourceTree = "<group>";
		};
		82F8F5752A8A190000F405B5 /* user-defined-objects */ = {
			isa = PBXGroup;
			children = (
				82F8F5762A8A190E00F405B5 /* Product.swift */,
				82F8F5832A8A67C000F405B5 /* ByCategory.swift */,
				8289C9AA2A8B742E00355827 /* Comment.swift */,
			);
			path = "user-defined-objects";
			sourceTree = "<group>";
		};
		82F8F5782A8A196900F405B5 /* defined-views */ = {
			isa = PBXGroup;
			children = (
				82F8F57D2A8A1C0000F405B5 /* HottestProductView.swift */,
				82F8F57F2A8A20AA00F405B5 /* ClothesView.swift */,
				82F8F5812A8A67AB00F405B5 /* ByCategoryInMainView.swift */,
				82F8F5852A8A71DC00F405B5 /* RecommendedProductView.swift */,
				8289C9A82A8B741500355827 /* CommentView.swift */,
				8222D4702A8BB5D500319F21 /* ProductInListAllView.swift */,
				8242CBBF2A8CA1D6007B2731 /* TwoHeadSliderView.swift */,
				8242CBCE2A8CD316007B2731 /* ByCategoryInListAllView.swift */,
			);
			path = "defined-views";
			sourceTree = "<group>";
		};
		82F8F5872A8A77FA00F405B5 /* main-screens */ = {
			isa = PBXGroup;
			children = (
				82F8F54D2A8A0F1600F405B5 /* MainView.swift */,
				82F8F5882A8A780D00F405B5 /* LoginView.swift */,
				827851042A8B47F600696846 /* RegisterView.swift */,
				8289C9A42A8B507200355827 /* ConfirmationView.swift */,
				8289C9A62A8B6D3600355827 /* ProductMainView.swift */,
				8222D46E2A8BB3A900319F21 /* CategoryMainView.swift */,
				8242CBCC2A8CD087007B2731 /* AllCategoriesView.swift */,
			);
			path = "main-screens";
			sourceTree = "<group>";
		};
/* End PBXGroup section */

/* Begin PBXNativeTarget section */
		82F8F5472A8A0F1600F405B5 /* gigamall-app */ = {
			isa = PBXNativeTarget;
			buildConfigurationList = 82F8F56C2A8A0F1900F405B5 /* Build configuration list for PBXNativeTarget "gigamall-app" */;
			buildPhases = (
				82F8F5442A8A0F1600F405B5 /* Sources */,
				82F8F5452A8A0F1600F405B5 /* Frameworks */,
				82F8F5462A8A0F1600F405B5 /* Resources */,
			);
			buildRules = (
			);
			dependencies = (
			);
			name = "gigamall-app";
			productName = "gigamall-app";
			productReference = 82F8F5482A8A0F1600F405B5 /* gigamall-app.app */;
			productType = "com.apple.product-type.application";
		};
		82F8F5572A8A0F1900F405B5 /* gigamall-appTests */ = {
			isa = PBXNativeTarget;
			buildConfigurationList = 82F8F56F2A8A0F1900F405B5 /* Build configuration list for PBXNativeTarget "gigamall-appTests" */;
			buildPhases = (
				82F8F5542A8A0F1900F405B5 /* Sources */,
				82F8F5552A8A0F1900F405B5 /* Frameworks */,
				82F8F5562A8A0F1900F405B5 /* Resources */,
			);
			buildRules = (
			);
			dependencies = (
				82F8F55A2A8A0F1900F405B5 /* PBXTargetDependency */,
			);
			name = "gigamall-appTests";
			productName = "gigamall-appTests";
			productReference = 82F8F5582A8A0F1900F405B5 /* gigamall-appTests.xctest */;
			productType = "com.apple.product-type.bundle.unit-test";
		};
		82F8F5612A8A0F1900F405B5 /* gigamall-appUITests */ = {
			isa = PBXNativeTarget;
			buildConfigurationList = 82F8F5722A8A0F1900F405B5 /* Build configuration list for PBXNativeTarget "gigamall-appUITests" */;
			buildPhases = (
				82F8F55E2A8A0F1900F405B5 /* Sources */,
				82F8F55F2A8A0F1900F405B5 /* Frameworks */,
				82F8F5602A8A0F1900F405B5 /* Resources */,
			);
			buildRules = (
			);
			dependencies = (
				82F8F5642A8A0F1900F405B5 /* PBXTargetDependency */,
			);
			name = "gigamall-appUITests";
			productName = "gigamall-appUITests";
			productReference = 82F8F5622A8A0F1900F405B5 /* gigamall-appUITests.xctest */;
			productType = "com.apple.product-type.bundle.ui-testing";
		};
/* End PBXNativeTarget section */

/* Begin PBXProject section */
		82F8F5402A8A0F1600F405B5 /* Project object */ = {
			isa = PBXProject;
			attributes = {
				BuildIndependentTargetsInParallel = 1;
				LastSwiftUpdateCheck = 1430;
				LastUpgradeCheck = 1430;
				TargetAttributes = {
					82F8F5472A8A0F1600F405B5 = {
						CreatedOnToolsVersion = 14.3.1;
					};
					82F8F5572A8A0F1900F405B5 = {
						CreatedOnToolsVersion = 14.3.1;
						TestTargetID = 82F8F5472A8A0F1600F405B5;
					};
					82F8F5612A8A0F1900F405B5 = {
						CreatedOnToolsVersion = 14.3.1;
						TestTargetID = 82F8F5472A8A0F1600F405B5;
					};
				};
			};
			buildConfigurationList = 82F8F5432A8A0F1600F405B5 /* Build configuration list for PBXProject "gigamall-app" */;
			compatibilityVersion = "Xcode 14.0";
			developmentRegion = en;
			hasScannedForEncodings = 0;
			knownRegions = (
				en,
				Base,
			);
			mainGroup = 82F8F53F2A8A0F1600F405B5;
			productRefGroup = 82F8F5492A8A0F1600F405B5 /* Products */;
			projectDirPath = "";
			projectRoot = "";
			targets = (
				82F8F5472A8A0F1600F405B5 /* gigamall-app */,
				82F8F5572A8A0F1900F405B5 /* gigamall-appTests */,
				82F8F5612A8A0F1900F405B5 /* gigamall-appUITests */,
			);
		};
/* End PBXProject section */

/* Begin PBXResourcesBuildPhase section */
		82F8F5462A8A0F1600F405B5 /* Resources */ = {
			isa = PBXResourcesBuildPhase;
			buildActionMask = 2147483647;
			files = (
				82F8F5532A8A0F1800F405B5 /* Preview Assets.xcassets in Resources */,
				82F8F5502A8A0F1800F405B5 /* Assets.xcassets in Resources */,
			);
			runOnlyForDeploymentPostprocessing = 0;
		};
		82F8F5562A8A0F1900F405B5 /* Resources */ = {
			isa = PBXResourcesBuildPhase;
			buildActionMask = 2147483647;
			files = (
			);
			runOnlyForDeploymentPostprocessing = 0;
		};
		82F8F5602A8A0F1900F405B5 /* Resources */ = {
			isa = PBXResourcesBuildPhase;
			buildActionMask = 2147483647;
			files = (
			);
			runOnlyForDeploymentPostprocessing = 0;
		};
/* End PBXResourcesBuildPhase section */

/* Begin PBXSourcesBuildPhase section */
		82F8F5442A8A0F1600F405B5 /* Sources */ = {
			isa = PBXSourcesBuildPhase;
			buildActionMask = 2147483647;
			files = (
				8242CBD22A8DBFC3007B2731 /* UserAPICaller.swift in Sources */,
				8289C9A52A8B507200355827 /* ConfirmationView.swift in Sources */,
				8222D46C2A8BA31C00319F21 /* DataConverter.swift in Sources */,
				8289C9A92A8B741500355827 /* CommentView.swift in Sources */,
				8242CBC02A8CA1D6007B2731 /* TwoHeadSliderView.swift in Sources */,
				82F8F5802A8A20AA00F405B5 /* ClothesView.swift in Sources */,
				8242CBD42A8DC0AC007B2731 /* LoginAndPort.swift in Sources */,
				8242CBD62A8DC542007B2731 /* APICaller.swift in Sources */,
				8289C9AB2A8B742E00355827 /* Comment.swift in Sources */,
				827851052A8B47F600696846 /* RegisterView.swift in Sources */,
				8242CBCF2A8CD316007B2731 /* ByCategoryInListAllView.swift in Sources */,
				82F8F54E2A8A0F1600F405B5 /* MainView.swift in Sources */,
				82F8F5842A8A67C000F405B5 /* ByCategory.swift in Sources */,
				8222D46D2A8BA31C00319F21 /* MyDateFormatter.swift in Sources */,
				8289C9A72A8B6D3600355827 /* ProductMainView.swift in Sources */,
				8222D4712A8BB5D500319F21 /* ProductInListAllView.swift in Sources */,
				82F8F5892A8A780D00F405B5 /* LoginView.swift in Sources */,
				82F8F54C2A8A0F1600F405B5 /* gigamall_appApp.swift in Sources */,
				8242CBDE2A8DE725007B2731 /* ProductEntity.swift in Sources */,
				82F8F57E2A8A1C0000F405B5 /* HottestProductView.swift in Sources */,
				8222D46F2A8BB3A900319F21 /* CategoryMainView.swift in Sources */,
				8242CBCD2A8CD087007B2731 /* AllCategoriesView.swift in Sources */,
				82F8F5772A8A190E00F405B5 /* Product.swift in Sources */,
				82F8F5862A8A71DC00F405B5 /* RecommendedProductView.swift in Sources */,
				8242CBD92A8DC72E007B2731 /* UserEntity.swift in Sources */,
				82F8F5822A8A67AB00F405B5 /* ByCategoryInMainView.swift in Sources */,
				8242CBDC2A8DE6CD007B2731 /* ProductAPICaller.swift in Sources */,
			);
			runOnlyForDeploymentPostprocessing = 0;
		};
		82F8F5542A8A0F1900F405B5 /* Sources */ = {
			isa = PBXSourcesBuildPhase;
			buildActionMask = 2147483647;
			files = (
				82F8F55D2A8A0F1900F405B5 /* gigamall_appTests.swift in Sources */,
			);
			runOnlyForDeploymentPostprocessing = 0;
		};
		82F8F55E2A8A0F1900F405B5 /* Sources */ = {
			isa = PBXSourcesBuildPhase;
			buildActionMask = 2147483647;
			files = (
				82F8F5692A8A0F1900F405B5 /* gigamall_appUITestsLaunchTests.swift in Sources */,
				82F8F5672A8A0F1900F405B5 /* gigamall_appUITests.swift in Sources */,
			);
			runOnlyForDeploymentPostprocessing = 0;
		};
/* End PBXSourcesBuildPhase section */

/* Begin PBXTargetDependency section */
		82F8F55A2A8A0F1900F405B5 /* PBXTargetDependency */ = {
			isa = PBXTargetDependency;
			target = 82F8F5472A8A0F1600F405B5 /* gigamall-app */;
			targetProxy = 82F8F5592A8A0F1900F405B5 /* PBXContainerItemProxy */;
		};
		82F8F5642A8A0F1900F405B5 /* PBXTargetDependency */ = {
			isa = PBXTargetDependency;
			target = 82F8F5472A8A0F1600F405B5 /* gigamall-app */;
			targetProxy = 82F8F5632A8A0F1900F405B5 /* PBXContainerItemProxy */;
		};
/* End PBXTargetDependency section */

/* Begin XCBuildConfiguration section */
		82F8F56A2A8A0F1900F405B5 /* Debug */ = {
			isa = XCBuildConfiguration;
			buildSettings = {
				ALWAYS_SEARCH_USER_PATHS = NO;
				CLANG_ANALYZER_NONNULL = YES;
				CLANG_ANALYZER_NUMBER_OBJECT_CONVERSION = YES_AGGRESSIVE;
				CLANG_CXX_LANGUAGE_STANDARD = "gnu++20";
				CLANG_ENABLE_MODULES = YES;
				CLANG_ENABLE_OBJC_ARC = YES;
				CLANG_ENABLE_OBJC_WEAK = YES;
				CLANG_WARN_BLOCK_CAPTURE_AUTORELEASING = YES;
				CLANG_WARN_BOOL_CONVERSION = YES;
				CLANG_WARN_COMMA = YES;
				CLANG_WARN_CONSTANT_CONVERSION = YES;
				CLANG_WARN_DEPRECATED_OBJC_IMPLEMENTATIONS = YES;
				CLANG_WARN_DIRECT_OBJC_ISA_USAGE = YES_ERROR;
				CLANG_WARN_DOCUMENTATION_COMMENTS = YES;
				CLANG_WARN_EMPTY_BODY = YES;
				CLANG_WARN_ENUM_CONVERSION = YES;
				CLANG_WARN_INFINITE_RECURSION = YES;
				CLANG_WARN_INT_CONVERSION = YES;
				CLANG_WARN_NON_LITERAL_NULL_CONVERSION = YES;
				CLANG_WARN_OBJC_IMPLICIT_RETAIN_SELF = YES;
				CLANG_WARN_OBJC_LITERAL_CONVERSION = YES;
				CLANG_WARN_OBJC_ROOT_CLASS = YES_ERROR;
				CLANG_WARN_QUOTED_INCLUDE_IN_FRAMEWORK_HEADER = YES;
				CLANG_WARN_RANGE_LOOP_ANALYSIS = YES;
				CLANG_WARN_STRICT_PROTOTYPES = YES;
				CLANG_WARN_SUSPICIOUS_MOVE = YES;
				CLANG_WARN_UNGUARDED_AVAILABILITY = YES_AGGRESSIVE;
				CLANG_WARN_UNREACHABLE_CODE = YES;
				CLANG_WARN__DUPLICATE_METHOD_MATCH = YES;
				COPY_PHASE_STRIP = NO;
				DEBUG_INFORMATION_FORMAT = dwarf;
				ENABLE_STRICT_OBJC_MSGSEND = YES;
				ENABLE_TESTABILITY = YES;
				GCC_C_LANGUAGE_STANDARD = gnu11;
				GCC_DYNAMIC_NO_PIC = NO;
				GCC_NO_COMMON_BLOCKS = YES;
				GCC_OPTIMIZATION_LEVEL = 0;
				GCC_PREPROCESSOR_DEFINITIONS = (
					"DEBUG=1",
					"$(inherited)",
				);
				GCC_WARN_64_TO_32_BIT_CONVERSION = YES;
				GCC_WARN_ABOUT_RETURN_TYPE = YES_ERROR;
				GCC_WARN_UNDECLARED_SELECTOR = YES;
				GCC_WARN_UNINITIALIZED_AUTOS = YES_AGGRESSIVE;
				GCC_WARN_UNUSED_FUNCTION = YES;
				GCC_WARN_UNUSED_VARIABLE = YES;
				IPHONEOS_DEPLOYMENT_TARGET = 16.4;
				MTL_ENABLE_DEBUG_INFO = INCLUDE_SOURCE;
				MTL_FAST_MATH = YES;
				ONLY_ACTIVE_ARCH = YES;
				SDKROOT = iphoneos;
				SWIFT_ACTIVE_COMPILATION_CONDITIONS = DEBUG;
				SWIFT_OPTIMIZATION_LEVEL = "-Onone";
			};
			name = Debug;
		};
		82F8F56B2A8A0F1900F405B5 /* Release */ = {
			isa = XCBuildConfiguration;
			buildSettings = {
				ALWAYS_SEARCH_USER_PATHS = NO;
				CLANG_ANALYZER_NONNULL = YES;
				CLANG_ANALYZER_NUMBER_OBJECT_CONVERSION = YES_AGGRESSIVE;
				CLANG_CXX_LANGUAGE_STANDARD = "gnu++20";
				CLANG_ENABLE_MODULES = YES;
				CLANG_ENABLE_OBJC_ARC = YES;
				CLANG_ENABLE_OBJC_WEAK = YES;
				CLANG_WARN_BLOCK_CAPTURE_AUTORELEASING = YES;
				CLANG_WARN_BOOL_CONVERSION = YES;
				CLANG_WARN_COMMA = YES;
				CLANG_WARN_CONSTANT_CONVERSION = YES;
				CLANG_WARN_DEPRECATED_OBJC_IMPLEMENTATIONS = YES;
				CLANG_WARN_DIRECT_OBJC_ISA_USAGE = YES_ERROR;
				CLANG_WARN_DOCUMENTATION_COMMENTS = YES;
				CLANG_WARN_EMPTY_BODY = YES;
				CLANG_WARN_ENUM_CONVERSION = YES;
				CLANG_WARN_INFINITE_RECURSION = YES;
				CLANG_WARN_INT_CONVERSION = YES;
				CLANG_WARN_NON_LITERAL_NULL_CONVERSION = YES;
				CLANG_WARN_OBJC_IMPLICIT_RETAIN_SELF = YES;
				CLANG_WARN_OBJC_LITERAL_CONVERSION = YES;
				CLANG_WARN_OBJC_ROOT_CLASS = YES_ERROR;
				CLANG_WARN_QUOTED_INCLUDE_IN_FRAMEWORK_HEADER = YES;
				CLANG_WARN_RANGE_LOOP_ANALYSIS = YES;
				CLANG_WARN_STRICT_PROTOTYPES = YES;
				CLANG_WARN_SUSPICIOUS_MOVE = YES;
				CLANG_WARN_UNGUARDED_AVAILABILITY = YES_AGGRESSIVE;
				CLANG_WARN_UNREACHABLE_CODE = YES;
				CLANG_WARN__DUPLICATE_METHOD_MATCH = YES;
				COPY_PHASE_STRIP = NO;
				DEBUG_INFORMATION_FORMAT = "dwarf-with-dsym";
				ENABLE_NS_ASSERTIONS = NO;
				ENABLE_STRICT_OBJC_MSGSEND = YES;
				GCC_C_LANGUAGE_STANDARD = gnu11;
				GCC_NO_COMMON_BLOCKS = YES;
				GCC_WARN_64_TO_32_BIT_CONVERSION = YES;
				GCC_WARN_ABOUT_RETURN_TYPE = YES_ERROR;
				GCC_WARN_UNDECLARED_SELECTOR = YES;
				GCC_WARN_UNINITIALIZED_AUTOS = YES_AGGRESSIVE;
				GCC_WARN_UNUSED_FUNCTION = YES;
				GCC_WARN_UNUSED_VARIABLE = YES;
				IPHONEOS_DEPLOYMENT_TARGET = 16.4;
				MTL_ENABLE_DEBUG_INFO = NO;
				MTL_FAST_MATH = YES;
				SDKROOT = iphoneos;
				SWIFT_COMPILATION_MODE = wholemodule;
				SWIFT_OPTIMIZATION_LEVEL = "-O";
				VALIDATE_PRODUCT = YES;
			};
			name = Release;
		};
		82F8F56D2A8A0F1900F405B5 /* Debug */ = {
			isa = XCBuildConfiguration;
			buildSettings = {
				ASSETCATALOG_COMPILER_APPICON_NAME = AppIcon;
				ASSETCATALOG_COMPILER_GLOBAL_ACCENT_COLOR_NAME = AccentColor;
				CODE_SIGN_STYLE = Automatic;
				CURRENT_PROJECT_VERSION = 1;
				DEVELOPMENT_ASSET_PATHS = "\"gigamall-app/Preview Content\"";
				ENABLE_PREVIEWS = YES;
				GENERATE_INFOPLIST_FILE = YES;
				INFOPLIST_KEY_UIApplicationSceneManifest_Generation = YES;
				INFOPLIST_KEY_UIApplicationSupportsIndirectInputEvents = YES;
				INFOPLIST_KEY_UILaunchScreen_Generation = YES;
				INFOPLIST_KEY_UISupportedInterfaceOrientations_iPad = "UIInterfaceOrientationPortrait UIInterfaceOrientationPortraitUpsideDown UIInterfaceOrientationLandscapeLeft UIInterfaceOrientationLandscapeRight";
				INFOPLIST_KEY_UISupportedInterfaceOrientations_iPhone = "UIInterfaceOrientationPortrait UIInterfaceOrientationLandscapeLeft UIInterfaceOrientationLandscapeRight";
				LD_RUNPATH_SEARCH_PATHS = (
					"$(inherited)",
					"@executable_path/Frameworks",
				);
				MARKETING_VERSION = 1.0;
				PRODUCT_BUNDLE_IDENTIFIER = "DUC.gigamall-app";
				PRODUCT_NAME = "$(TARGET_NAME)";
				SWIFT_EMIT_LOC_STRINGS = YES;
				SWIFT_VERSION = 5.0;
				TARGETED_DEVICE_FAMILY = "1,2";
			};
			name = Debug;
		};
		82F8F56E2A8A0F1900F405B5 /* Release */ = {
			isa = XCBuildConfiguration;
			buildSettings = {
				ASSETCATALOG_COMPILER_APPICON_NAME = AppIcon;
				ASSETCATALOG_COMPILER_GLOBAL_ACCENT_COLOR_NAME = AccentColor;
				CODE_SIGN_STYLE = Automatic;
				CURRENT_PROJECT_VERSION = 1;
				DEVELOPMENT_ASSET_PATHS = "\"gigamall-app/Preview Content\"";
				ENABLE_PREVIEWS = YES;
				GENERATE_INFOPLIST_FILE = YES;
				INFOPLIST_KEY_UIApplicationSceneManifest_Generation = YES;
				INFOPLIST_KEY_UIApplicationSupportsIndirectInputEvents = YES;
				INFOPLIST_KEY_UILaunchScreen_Generation = YES;
				INFOPLIST_KEY_UISupportedInterfaceOrientations_iPad = "UIInterfaceOrientationPortrait UIInterfaceOrientationPortraitUpsideDown UIInterfaceOrientationLandscapeLeft UIInterfaceOrientationLandscapeRight";
				INFOPLIST_KEY_UISupportedInterfaceOrientations_iPhone = "UIInterfaceOrientationPortrait UIInterfaceOrientationLandscapeLeft UIInterfaceOrientationLandscapeRight";
				LD_RUNPATH_SEARCH_PATHS = (
					"$(inherited)",
					"@executable_path/Frameworks",
				);
				MARKETING_VERSION = 1.0;
				PRODUCT_BUNDLE_IDENTIFIER = "DUC.gigamall-app";
				PRODUCT_NAME = "$(TARGET_NAME)";
				SWIFT_EMIT_LOC_STRINGS = YES;
				SWIFT_VERSION = 5.0;
				TARGETED_DEVICE_FAMILY = "1,2";
			};
			name = Release;
		};
		82F8F5702A8A0F1900F405B5 /* Debug */ = {
			isa = XCBuildConfiguration;
			buildSettings = {
				ALWAYS_EMBED_SWIFT_STANDARD_LIBRARIES = YES;
				BUNDLE_LOADER = "$(TEST_HOST)";
				CODE_SIGN_STYLE = Automatic;
				CURRENT_PROJECT_VERSION = 1;
				GENERATE_INFOPLIST_FILE = YES;
				IPHONEOS_DEPLOYMENT_TARGET = 16.4;
				MARKETING_VERSION = 1.0;
				PRODUCT_BUNDLE_IDENTIFIER = "DUC.gigamall-appTests";
				PRODUCT_NAME = "$(TARGET_NAME)";
				SWIFT_EMIT_LOC_STRINGS = NO;
				SWIFT_VERSION = 5.0;
				TARGETED_DEVICE_FAMILY = "1,2";
				TEST_HOST = "$(BUILT_PRODUCTS_DIR)/gigamall-app.app/$(BUNDLE_EXECUTABLE_FOLDER_PATH)/gigamall-app";
			};
			name = Debug;
		};
		82F8F5712A8A0F1900F405B5 /* Release */ = {
			isa = XCBuildConfiguration;
			buildSettings = {
				ALWAYS_EMBED_SWIFT_STANDARD_LIBRARIES = YES;
				BUNDLE_LOADER = "$(TEST_HOST)";
				CODE_SIGN_STYLE = Automatic;
				CURRENT_PROJECT_VERSION = 1;
				GENERATE_INFOPLIST_FILE = YES;
				IPHONEOS_DEPLOYMENT_TARGET = 16.4;
				MARKETING_VERSION = 1.0;
				PRODUCT_BUNDLE_IDENTIFIER = "DUC.gigamall-appTests";
				PRODUCT_NAME = "$(TARGET_NAME)";
				SWIFT_EMIT_LOC_STRINGS = NO;
				SWIFT_VERSION = 5.0;
				TARGETED_DEVICE_FAMILY = "1,2";
				TEST_HOST = "$(BUILT_PRODUCTS_DIR)/gigamall-app.app/$(BUNDLE_EXECUTABLE_FOLDER_PATH)/gigamall-app";
			};
			name = Release;
		};
		82F8F5732A8A0F1900F405B5 /* Debug */ = {
			isa = XCBuildConfiguration;
			buildSettings = {
				ALWAYS_EMBED_SWIFT_STANDARD_LIBRARIES = YES;
				CODE_SIGN_STYLE = Automatic;
				CURRENT_PROJECT_VERSION = 1;
				GENERATE_INFOPLIST_FILE = YES;
				MARKETING_VERSION = 1.0;
				PRODUCT_BUNDLE_IDENTIFIER = "DUC.gigamall-appUITests";
				PRODUCT_NAME = "$(TARGET_NAME)";
				SWIFT_EMIT_LOC_STRINGS = NO;
				SWIFT_VERSION = 5.0;
				TARGETED_DEVICE_FAMILY = "1,2";
				TEST_TARGET_NAME = "gigamall-app";
			};
			name = Debug;
		};
		82F8F5742A8A0F1900F405B5 /* Release */ = {
			isa = XCBuildConfiguration;
			buildSettings = {
				ALWAYS_EMBED_SWIFT_STANDARD_LIBRARIES = YES;
				CODE_SIGN_STYLE = Automatic;
				CURRENT_PROJECT_VERSION = 1;
				GENERATE_INFOPLIST_FILE = YES;
				MARKETING_VERSION = 1.0;
				PRODUCT_BUNDLE_IDENTIFIER = "DUC.gigamall-appUITests";
				PRODUCT_NAME = "$(TARGET_NAME)";
				SWIFT_EMIT_LOC_STRINGS = NO;
				SWIFT_VERSION = 5.0;
				TARGETED_DEVICE_FAMILY = "1,2";
				TEST_TARGET_NAME = "gigamall-app";
			};
			name = Release;
		};
/* End XCBuildConfiguration section */

/* Begin XCConfigurationList section */
		82F8F5432A8A0F1600F405B5 /* Build configuration list for PBXProject "gigamall-app" */ = {
			isa = XCConfigurationList;
			buildConfigurations = (
				82F8F56A2A8A0F1900F405B5 /* Debug */,
				82F8F56B2A8A0F1900F405B5 /* Release */,
			);
			defaultConfigurationIsVisible = 0;
			defaultConfigurationName = Release;
		};
		82F8F56C2A8A0F1900F405B5 /* Build configuration list for PBXNativeTarget "gigamall-app" */ = {
			isa = XCConfigurationList;
			buildConfigurations = (
				82F8F56D2A8A0F1900F405B5 /* Debug */,
				82F8F56E2A8A0F1900F405B5 /* Release */,
			);
			defaultConfigurationIsVisible = 0;
			defaultConfigurationName = Release;
		};
		82F8F56F2A8A0F1900F405B5 /* Build configuration list for PBXNativeTarget "gigamall-appTests" */ = {
			isa = XCConfigurationList;
			buildConfigurations = (
				82F8F5702A8A0F1900F405B5 /* Debug */,
				82F8F5712A8A0F1900F405B5 /* Release */,
			);
			defaultConfigurationIsVisible = 0;
			defaultConfigurationName = Release;
		};
		82F8F5722A8A0F1900F405B5 /* Build configuration list for PBXNativeTarget "gigamall-appUITests" */ = {
			isa = XCConfigurationList;
			buildConfigurations = (
				82F8F5732A8A0F1900F405B5 /* Debug */,
				82F8F5742A8A0F1900F405B5 /* Release */,
			);
			defaultConfigurationIsVisible = 0;
			defaultConfigurationName = Release;
		};
/* End XCConfigurationList section */
	};
	rootObject = 82F8F5402A8A0F1600F405B5 /* Project object */;
}
